{
  "name": "smartthings-slack",
  "version": "1.0.0",
  "lockfileVersion": 1,
  "requires": true,
  "dependencies": {
    "qs": {
      "version": "6.7.0",
      "resolved": "https://registry.npmjs.org/qs/-/qs-6.7.0.tgz",
      "integrity": "sha512-VCdBRNFTX1fyE7Nb6FYoURo/SPe62QCaAyzJvUjwRaIsc+NePBEniHlvxFmmX56+HZphIGtV0XeCirBtpDrTyQ=="
    },
    "smartapp-lib": {
      "version": "file:../lib",
      "requires": {
        "@smartthings/dynamodb-context-store": "^1.0.1",
        "@smartthings/smartapp": "^1.1.3",
        "request": "^2.88.0",
        "request-promise-native": "^1.0.7"
      },
      "dependencies": {
        "@smartthings/dynamodb-context-store": {
          "version": "1.0.1",
          "bundled": true,
          "requires": {
            "aws-sdk": "^2.392.0"
          }
        },
        "@smartthings/smartapp": {
          "version": "1.1.3",
          "bundled": true,
          "requires": {
            "async-mutex": "~0.1.3",
            "fs-extra": "~7.0.1",
            "http-signature": "~1.2.0",
            "i18n": "~0.8.3",
            "request": "~2.88.0",
            "request-promise-native": "^1.0.7",
            "winston": "~3.2.1"
          }
        },
        "abbrev": {
          "version": "1.1.1",
          "bundled": true
        },
        "ajv": {
          "version": "6.10.0",
          "bundled": true,
          "requires": {
            "fast-deep-equal": "^2.0.1",
            "fast-json-stable-stringify": "^2.0.0",
            "json-schema-traverse": "^0.4.1",
            "uri-js": "^4.2.2"
          }
        },
        "ambi": {
          "version": "2.5.0",
          "bundled": true,
          "requires": {
            "editions": "^1.1.1",
            "typechecker": "^4.3.0"
          },
          "dependencies": {
            "typechecker": {
              "version": "4.7.0",
              "bundled": true,
              "requires": {
                "editions": "^2.1.0"
              },
              "dependencies": {
                "editions": {
                  "version": "2.1.3",
                  "bundled": true,
                  "requires": {
                    "errlop": "^1.1.1",
                    "semver": "^5.6.0"
                  }
                }
              }
            }
          }
        },
        "asn1": {
          "version": "0.2.4",
          "bundled": true,
          "requires": {
            "safer-buffer": "~2.1.0"
          }
        },
        "assert-plus": {
          "version": "1.0.0",
          "bundled": true
        },
        "async": {
          "version": "1.5.2",
          "bundled": true
        },
        "async-mutex": {
          "version": "0.1.3",
          "bundled": true
        },
        "asynckit": {
          "version": "0.4.0",
          "bundled": true
        },
        "aws-sdk": {
          "version": "2.441.0",
          "bundled": true,
          "requires": {
            "buffer": "4.9.1",
            "events": "1.1.1",
            "ieee754": "1.1.8",
            "jmespath": "0.15.0",
            "querystring": "0.2.0",
            "sax": "1.2.1",
            "url": "0.10.3",
            "uuid": "3.3.2",
            "xml2js": "0.4.19"
          }
        },
        "aws-sign2": {
          "version": "0.7.0",
          "bundled": true
        },
        "aws4": {
          "version": "1.8.0",
          "bundled": true
        },
        "balanced-match": {
          "version": "1.0.0",
          "bundled": true
        },
        "base64-js": {
          "version": "1.3.0",
          "bundled": true
        },
        "bcrypt-pbkdf": {
          "version": "1.0.2",
          "bundled": true,
          "requires": {
            "tweetnacl": "^0.14.3"
          }
        },
        "brace-expansion": {
          "version": "1.1.11",
          "bundled": true,
          "requires": {
            "balanced-match": "^1.0.0",
            "concat-map": "0.0.1"
          }
        },
        "buffer": {
          "version": "4.9.1",
          "bundled": true,
          "requires": {
            "base64-js": "^1.0.2",
            "ieee754": "^1.1.4",
            "isarray": "^1.0.0"
          }
        },
        "caseless": {
          "version": "0.12.0",
          "bundled": true
        },
        "color": {
          "version": "3.0.0",
          "bundled": true,
          "requires": {
            "color-convert": "^1.9.1",
            "color-string": "^1.5.2"
          }
        },
        "color-convert": {
          "version": "1.9.3",
          "bundled": true,
          "requires": {
            "color-name": "1.1.3"
          }
        },
        "color-name": {
          "version": "1.1.3",
          "bundled": true
        },
        "color-string": {
          "version": "1.5.3",
          "bundled": true,
          "requires": {
            "color-name": "^1.0.0",
            "simple-swizzle": "^0.2.2"
          }
        },
        "colornames": {
          "version": "1.1.1",
          "bundled": true
        },
        "colors": {
          "version": "1.3.3",
          "bundled": true
        },
        "colorspace": {
          "version": "1.1.1",
          "bundled": true,
          "requires": {
            "color": "3.0.x",
            "text-hex": "1.0.x"
          }
        },
        "combined-stream": {
          "version": "1.0.7",
          "bundled": true,
          "requires": {
            "delayed-stream": "~1.0.0"
          }
        },
        "concat-map": {
          "version": "0.0.1",
          "bundled": true
        },
        "core-util-is": {
          "version": "1.0.2",
          "bundled": true
        },
        "csextends": {
          "version": "1.2.0",
          "bundled": true
        },
        "dashdash": {
          "version": "1.14.1",
          "bundled": true,
          "requires": {
            "assert-plus": "^1.0.0"
          }
        },
        "debug": {
          "version": "4.1.1",
          "bundled": true,
          "requires": {
            "ms": "^2.1.1"
          }
        },
        "delayed-stream": {
          "version": "1.0.0",
          "bundled": true
        },
        "diagnostics": {
          "version": "1.1.1",
          "bundled": true,
          "requires": {
            "colorspace": "1.1.x",
            "enabled": "1.0.x",
            "kuler": "1.0.x"
          }
        },
        "eachr": {
          "version": "2.0.4",
          "bundled": true,
          "requires": {
            "typechecker": "^2.0.8"
          }
        },
        "ecc-jsbn": {
          "version": "0.1.2",
          "bundled": true,
          "requires": {
            "jsbn": "~0.1.0",
            "safer-buffer": "^2.1.0"
          }
        },
        "editions": {
          "version": "1.3.4",
          "bundled": true
        },
        "enabled": {
          "version": "1.0.2",
          "bundled": true,
          "requires": {
            "env-variable": "0.0.x"
          }
        },
        "env-variable": {
          "version": "0.0.5",
          "bundled": true
        },
        "errlop": {
          "version": "1.1.1",
          "bundled": true,
          "requires": {
            "editions": "^2.1.2"
          },
          "dependencies": {
            "editions": {
              "version": "2.1.3",
              "bundled": true,
              "requires": {
                "errlop": "^1.1.1",
                "semver": "^5.6.0"
              }
            }
          }
        },
        "events": {
          "version": "1.1.1",
          "bundled": true
        },
        "extend": {
          "version": "3.0.2",
          "bundled": true
        },
        "extendr": {
          "version": "2.1.0",
          "bundled": true,
          "requires": {
            "typechecker": "~2.0.1"
          },
          "dependencies": {
            "typechecker": {
              "version": "2.0.8",
              "bundled": true
            }
          }
        },
        "extract-opts": {
          "version": "2.2.0",
          "bundled": true,
          "requires": {
            "typechecker": "~2.0.1"
          },
          "dependencies": {
            "typechecker": {
              "version": "2.0.8",
              "bundled": true
            }
          }
        },
        "extsprintf": {
          "version": "1.3.0",
          "bundled": true
        },
        "fast-deep-equal": {
          "version": "2.0.1",
          "bundled": true
        },
        "fast-json-stable-stringify": {
          "version": "2.0.0",
          "bundled": true
        },
        "fast-safe-stringify": {
          "version": "2.0.6",
          "bundled": true
        },
        "fecha": {
          "version": "2.3.3",
          "bundled": true
        },
        "forever-agent": {
          "version": "0.6.1",
          "bundled": true
        },
        "form-data": {
          "version": "2.3.3",
          "bundled": true,
          "requires": {
            "asynckit": "^0.4.0",
            "combined-stream": "^1.0.6",
            "mime-types": "^2.1.12"
          }
        },
        "fs-extra": {
          "version": "7.0.1",
          "bundled": true,
          "requires": {
            "graceful-fs": "^4.1.2",
            "jsonfile": "^4.0.0",
            "universalify": "^0.1.0"
          }
        },
        "getpass": {
          "version": "0.1.7",
          "bundled": true,
          "requires": {
            "assert-plus": "^1.0.0"
          }
        },
        "glob": {
          "version": "6.0.4",
          "bundled": true,
          "requires": {
            "inflight": "^1.0.4",
            "inherits": "2",
            "minimatch": "2 || 3",
            "once": "^1.3.0",
            "path-is-absolute": "^1.0.0"
          }
        },
        "graceful-fs": {
          "version": "4.1.15",
          "bundled": true
        },
        "har-schema": {
          "version": "2.0.0",
          "bundled": true
        },
        "har-validator": {
          "version": "5.1.3",
          "bundled": true,
          "requires": {
            "ajv": "^6.5.5",
            "har-schema": "^2.0.0"
          }
        },
        "http-signature": {
          "version": "1.2.0",
          "bundled": true,
          "requires": {
            "assert-plus": "^1.0.0",
            "jsprim": "^1.2.2",
            "sshpk": "^1.7.0"
          }
        },
        "i18n": {
          "version": "0.8.3",
          "bundled": true,
          "requires": {
            "debug": "*",
            "make-plural": "^3.0.3",
            "math-interval-parser": "^1.1.0",
            "messageformat": "^0.3.1",
            "mustache": "*",
            "sprintf-js": ">=1.0.3"
          }
        },
        "ieee754": {
          "version": "1.1.8",
          "bundled": true
        },
        "ignorefs": {
          "version": "1.2.0",
          "bundled": true,
          "requires": {
            "editions": "^1.3.3",
            "ignorepatterns": "^1.1.0"
          }
        },
        "ignorepatterns": {
          "version": "1.1.0",
          "bundled": true
        },
        "inflight": {
          "version": "1.0.6",
          "bundled": true,
          "requires": {
            "once": "^1.3.0",
            "wrappy": "1"
          }
        },
        "inherits": {
          "version": "2.0.3",
          "bundled": true
        },
        "is-arrayish": {
          "version": "0.3.2",
          "bundled": true
        },
        "is-stream": {
          "version": "1.1.0",
          "bundled": true
        },
        "is-typedarray": {
          "version": "1.0.0",
          "bundled": true
        },
        "isarray": {
          "version": "1.0.0",
          "bundled": true
        },
        "isstream": {
          "version": "0.1.2",
          "bundled": true
        },
        "jmespath": {
          "version": "0.15.0",
          "bundled": true
        },
        "jsbn": {
          "version": "0.1.1",
          "bundled": true
        },
        "json-schema": {
          "version": "0.2.3",
          "bundled": true
        },
        "json-schema-traverse": {
          "version": "0.4.1",
          "bundled": true
        },
        "json-stringify-safe": {
          "version": "5.0.1",
          "bundled": true
        },
        "jsonfile": {
          "version": "4.0.0",
          "bundled": true,
          "requires": {
            "graceful-fs": "^4.1.6"
          }
        },
        "jsprim": {
          "version": "1.4.1",
          "bundled": true,
          "requires": {
            "assert-plus": "1.0.0",
            "extsprintf": "1.3.0",
            "json-schema": "0.2.3",
            "verror": "1.10.0"
          }
        },
        "kuler": {
          "version": "1.0.1",
          "bundled": true,
          "requires": {
            "colornames": "^1.1.1"
          }
        },
        "lodash": {
          "version": "4.17.11",
          "bundled": true
        },
        "logform": {
          "version": "2.1.2",
          "bundled": true,
          "requires": {
            "colors": "^1.2.1",
            "fast-safe-stringify": "^2.0.4",
            "fecha": "^2.3.3",
            "ms": "^2.1.1",
            "triple-beam": "^1.3.0"
          }
        },
        "make-plural": {
          "version": "3.0.6",
          "bundled": true,
          "requires": {
            "minimist": "^1.2.0"
          }
        },
        "math-interval-parser": {
          "version": "1.1.0",
          "bundled": true,
          "requires": {
            "xregexp": "^2.0.0"
          }
        },
        "messageformat": {
          "version": "0.3.1",
          "bundled": true,
          "requires": {
            "async": "~1.5.2",
            "glob": "~6.0.4",
            "make-plural": "~3.0.3",
            "nopt": "~3.0.6",
            "watchr": "~2.4.13"
          }
        },
        "mime-db": {
          "version": "1.40.0",
          "bundled": true
        },
        "mime-types": {
          "version": "2.1.24",
          "bundled": true,
          "requires": {
            "mime-db": "1.40.0"
          }
        },
        "minimatch": {
          "version": "3.0.4",
          "bundled": true,
          "requires": {
            "brace-expansion": "^1.1.7"
          }
        },
        "minimist": {
          "version": "1.2.0",
          "bundled": true,
          "optional": true
        },
        "ms": {
          "version": "2.1.1",
          "bundled": true
        },
        "mustache": {
          "version": "3.0.1",
          "bundled": true
        },
        "nopt": {
          "version": "3.0.6",
          "bundled": true,
          "requires": {
            "abbrev": "1"
          }
        },
        "oauth-sign": {
          "version": "0.9.0",
          "bundled": true
        },
        "once": {
          "version": "1.4.0",
          "bundled": true,
          "requires": {
            "wrappy": "1"
          }
        },
        "one-time": {
          "version": "0.0.4",
          "bundled": true
        },
        "path-is-absolute": {
          "version": "1.0.1",
          "bundled": true
        },
        "performance-now": {
          "version": "2.1.0",
          "bundled": true
        },
        "process-nextick-args": {
          "version": "2.0.0",
          "bundled": true
        },
        "psl": {
          "version": "1.1.31",
          "bundled": true
        },
        "punycode": {
          "version": "2.1.1",
          "bundled": true
        },
        "qs": {
          "version": "6.5.2",
          "bundled": true
        },
        "querystring": {
          "version": "0.2.0",
          "bundled": true
        },
        "readable-stream": {
          "version": "3.3.0",
          "bundled": true,
          "requires": {
            "inherits": "^2.0.3",
            "string_decoder": "^1.1.1",
            "util-deprecate": "^1.0.1"
          }
        },
        "request": {
          "version": "2.88.0",
          "bundled": true,
          "requires": {
            "aws-sign2": "~0.7.0",
            "aws4": "^1.8.0",
            "caseless": "~0.12.0",
            "combined-stream": "~1.0.6",
            "extend": "~3.0.2",
            "forever-agent": "~0.6.1",
            "form-data": "~2.3.2",
            "har-validator": "~5.1.0",
            "http-signature": "~1.2.0",
            "is-typedarray": "~1.0.0",
            "isstream": "~0.1.2",
            "json-stringify-safe": "~5.0.1",
            "mime-types": "~2.1.19",
            "oauth-sign": "~0.9.0",
            "performance-now": "^2.1.0",
            "qs": "~6.5.2",
            "safe-buffer": "^5.1.2",
            "tough-cookie": "~2.4.3",
            "tunnel-agent": "^0.6.0",
            "uuid": "^3.3.2"
          }
        },
        "request-promise-core": {
          "version": "1.1.2",
          "bundled": true,
          "requires": {
            "lodash": "^4.17.11"
          }
        },
        "request-promise-native": {
          "version": "1.0.7",
          "bundled": true,
          "requires": {
            "request-promise-core": "1.1.2",
            "stealthy-require": "^1.1.1",
            "tough-cookie": "^2.3.3"
          }
        },
        "safe-buffer": {
          "version": "5.1.2",
          "bundled": true
        },
        "safefs": {
          "version": "3.2.2",
          "bundled": true,
          "requires": {
            "graceful-fs": "*"
          }
        },
        "safer-buffer": {
          "version": "2.1.2",
          "bundled": true
        },
        "sax": {
          "version": "1.2.1",
          "bundled": true
        },
        "scandirectory": {
          "version": "2.5.0",
          "bundled": true,
          "requires": {
            "ignorefs": "^1.0.0",
            "safefs": "^3.1.2",
            "taskgroup": "^4.0.5"
          }
        },
        "semver": {
          "version": "5.7.0",
          "bundled": true
        },
        "simple-swizzle": {
          "version": "0.2.2",
          "bundled": true,
          "requires": {
            "is-arrayish": "^0.3.1"
          }
        },
        "sprintf-js": {
          "version": "1.1.2",
          "bundled": true
        },
        "sshpk": {
          "version": "1.16.1",
          "bundled": true,
          "requires": {
            "asn1": "~0.2.3",
            "assert-plus": "^1.0.0",
            "bcrypt-pbkdf": "^1.0.0",
            "dashdash": "^1.12.0",
            "ecc-jsbn": "~0.1.1",
            "getpass": "^0.1.1",
            "jsbn": "~0.1.0",
            "safer-buffer": "^2.0.2",
            "tweetnacl": "~0.14.0"
          }
        },
        "stack-trace": {
          "version": "0.0.10",
          "bundled": true
        },
        "stealthy-require": {
          "version": "1.1.1",
          "bundled": true
        },
        "string_decoder": {
          "version": "1.2.0",
          "bundled": true,
          "requires": {
            "safe-buffer": "~5.1.0"
          }
        },
        "taskgroup": {
          "version": "4.3.1",
          "bundled": true,
          "requires": {
            "ambi": "^2.2.0",
            "csextends": "^1.0.3"
          }
        },
        "text-hex": {
          "version": "1.0.0",
          "bundled": true
        },
        "tough-cookie": {
          "version": "2.4.3",
          "bundled": true,
          "requires": {
            "psl": "^1.1.24",
            "punycode": "^1.4.1"
          },
          "dependencies": {
            "punycode": {
              "version": "1.4.1",
              "bundled": true
            }
          }
        },
        "triple-beam": {
          "version": "1.3.0",
          "bundled": true
        },
        "tunnel-agent": {
          "version": "0.6.0",
          "bundled": true,
          "requires": {
            "safe-buffer": "^5.0.1"
          }
        },
        "tweetnacl": {
          "version": "0.14.5",
          "bundled": true
        },
        "typechecker": {
          "version": "2.1.0",
          "bundled": true
        },
        "universalify": {
          "version": "0.1.2",
          "bundled": true
        },
        "uri-js": {
          "version": "4.2.2",
          "bundled": true,
          "requires": {
            "punycode": "^2.1.0"
          }
        },
        "url": {
          "version": "0.10.3",
          "bundled": true,
          "requires": {
            "punycode": "1.3.2",
            "querystring": "0.2.0"
          },
          "dependencies": {
            "punycode": {
              "version": "1.3.2",
              "bundled": true
            }
          }
        },
        "util-deprecate": {
          "version": "1.0.2",
          "bundled": true
        },
        "uuid": {
          "version": "3.3.2",
          "bundled": true
        },
        "verror": {
          "version": "1.10.0",
          "bundled": true,
          "requires": {
            "assert-plus": "^1.0.0",
            "core-util-is": "1.0.2",
            "extsprintf": "^1.2.0"
          }
        },
        "watchr": {
          "version": "2.4.13",
          "bundled": true,
          "requires": {
            "eachr": "^2.0.2",
            "extendr": "^2.1.0",
            "extract-opts": "^2.2.0",
            "ignorefs": "^1.0.0",
            "safefs": "^3.1.2",
            "scandirectory": "^2.5.0",
            "taskgroup": "^4.2.0",
            "typechecker": "^2.0.8"
          }
        },
        "winston": {
          "version": "3.2.1",
          "bundled": true,
          "requires": {
            "async": "^2.6.1",
            "diagnostics": "^1.1.1",
            "is-stream": "^1.1.0",
            "logform": "^2.1.1",
            "one-time": "0.0.4",
            "readable-stream": "^3.1.1",
            "stack-trace": "0.0.x",
            "triple-beam": "^1.3.0",
            "winston-transport": "^4.3.0"
          },
          "dependencies": {
            "async": {
              "version": "2.6.2",
              "bundled": true,
              "requires": {
                "lodash": "^4.17.11"
              }
            }
          }
        },
        "winston-transport": {
          "version": "4.3.0",
          "bundled": true,
          "requires": {
            "readable-stream": "^2.3.6",
            "triple-beam": "^1.2.0"
          },
          "dependencies": {
            "readable-stream": {
              "version": "2.3.6",
              "bundled": true,
              "requires": {
                "core-util-is": "~1.0.0",
                "inherits": "~2.0.3",
                "isarray": "~1.0.0",
                "process-nextick-args": "~2.0.0",
                "safe-buffer": "~5.1.1",
                "string_decoder": "~1.1.1",
                "util-deprecate": "~1.0.1"
              }
            },
            "string_decoder": {
              "version": "1.1.1",
              "bundled": true,
              "requires": {
                "safe-buffer": "~5.1.0"
              }
            }
          }
        },
        "wrappy": {
          "version": "1.0.2",
          "bundled": true
        },
        "xml2js": {
          "version": "0.4.19",
          "bundled": true,
          "requires": {
            "sax": ">=0.6.0",
            "xmlbuilder": "~9.0.1"
          }
        },
        "xmlbuilder": {
          "version": "9.0.7",
          "bundled": true
        },
        "xregexp": {
          "version": "2.0.0",
          "bundled": true
        }
      }
    }
  }
}
